
Microsoft Visual Studio Solution File, Format Version 12.00
# Visual Studio 14
VisualStudioVersion = 14.0.25420.1
MinimumVisualStudioVersion = 10.0.40219.1
Project("{2150E333-8FDC-42A3-9474-1A3956D46DE8}") = "NMF", "NMF", "{CC16395C-1F53-44E9-BEAE-566D539D8C46}"
EndProject
Project("{FAE04EC0-301F-11D3-BF4B-00C04F79EFBC}") = "Expressions", "NMF\Expressions\Expressions\Expressions.csproj", "{AFCA9D1D-26A6-482A-A5AB-0827AD0FD677}"
EndProject
Project("{FAE04EC0-301F-11D3-BF4B-00C04F79EFBC}") = "Expressions.Linq", "NMF\Expressions\Expressions.Linq\Expressions.Linq.csproj", "{E82D72A1-90F6-4341-A82D-D6B40349DF63}"
EndProject
Project("{FAE04EC0-301F-11D3-BF4B-00C04F79EFBC}") = "Models", "NMF\Models\Models\Models.csproj", "{E42AC7B6-8120-40B5-8CD3-C4139B940897}"
EndProject
Project("{FAE04EC0-301F-11D3-BF4B-00C04F79EFBC}") = "Collections", "NMF\Collections\Collections\Collections.csproj", "{6F57AA50-FB70-4DE8-BEAB-E3AE58B225D3}"
EndProject
Project("{FAE04EC0-301F-11D3-BF4B-00C04F79EFBC}") = "Serialization", "NMF\Models\Serialization\Serialization.csproj", "{C24EF2AC-49D3-4542-BC40-5D62E12C7DED}"
EndProject
Project("{FAE04EC0-301F-11D3-BF4B-00C04F79EFBC}") = "Utilities", "NMF\Tools\Utilities\Utilities.csproj", "{868226D4-BC8B-4B91-BD09-8F63D3C9DEBE}"
EndProject
Project("{FAE04EC0-301F-11D3-BF4B-00C04F79EFBC}") = "Models.Tests", "NMF\Models\Models.Tests\Models.Tests.csproj", "{31EC737E-E2A9-4FFD-A62B-94C0E4546DBA}"
EndProject
Project("{FAE04EC0-301F-11D3-BF4B-00C04F79EFBC}") = "Tests", "NMF\Tools\Tests\Tests.csproj", "{A73B97DD-F870-48D0-86AE-713457B47E2B}"
EndProject
Project("{FAE04EC0-301F-11D3-BF4B-00C04F79EFBC}") = "TrainBenchmark", "TrainBenchmark\TrainBenchmark.csproj", "{ED2C394E-1453-481D-9DCC-F466637CA961}"
EndProject
Global
	GlobalSection(SolutionConfigurationPlatforms) = preSolution
		Debug|Any CPU = Debug|Any CPU
		Release|Any CPU = Release|Any CPU
	EndGlobalSection
	GlobalSection(ProjectConfigurationPlatforms) = postSolution
		{AFCA9D1D-26A6-482A-A5AB-0827AD0FD677}.Debug|Any CPU.ActiveCfg = Debug|Any CPU
		{AFCA9D1D-26A6-482A-A5AB-0827AD0FD677}.Debug|Any CPU.Build.0 = Debug|Any CPU
		{AFCA9D1D-26A6-482A-A5AB-0827AD0FD677}.Release|Any CPU.ActiveCfg = Release|Any CPU
		{AFCA9D1D-26A6-482A-A5AB-0827AD0FD677}.Release|Any CPU.Build.0 = Release|Any CPU
		{E82D72A1-90F6-4341-A82D-D6B40349DF63}.Debug|Any CPU.ActiveCfg = Debug|Any CPU
		{E82D72A1-90F6-4341-A82D-D6B40349DF63}.Debug|Any CPU.Build.0 = Debug|Any CPU
		{E82D72A1-90F6-4341-A82D-D6B40349DF63}.Release|Any CPU.ActiveCfg = Release|Any CPU
		{E82D72A1-90F6-4341-A82D-D6B40349DF63}.Release|Any CPU.Build.0 = Release|Any CPU
		{E42AC7B6-8120-40B5-8CD3-C4139B940897}.Debug|Any CPU.ActiveCfg = Debug|Any CPU
		{E42AC7B6-8120-40B5-8CD3-C4139B940897}.Debug|Any CPU.Build.0 = Debug|Any CPU
		{E42AC7B6-8120-40B5-8CD3-C4139B940897}.Release|Any CPU.ActiveCfg = Release|Any CPU
		{E42AC7B6-8120-40B5-8CD3-C4139B940897}.Release|Any CPU.Build.0 = Release|Any CPU
		{6F57AA50-FB70-4DE8-BEAB-E3AE58B225D3}.Debug|Any CPU.ActiveCfg = Debug|Any CPU
		{6F57AA50-FB70-4DE8-BEAB-E3AE58B225D3}.Debug|Any CPU.Build.0 = Debug|Any CPU
		{6F57AA50-FB70-4DE8-BEAB-E3AE58B225D3}.Release|Any CPU.ActiveCfg = Release|Any CPU
		{6F57AA50-FB70-4DE8-BEAB-E3AE58B225D3}.Release|Any CPU.Build.0 = Release|Any CPU
		{C24EF2AC-49D3-4542-BC40-5D62E12C7DED}.Debug|Any CPU.ActiveCfg = Debug|Any CPU
		{C24EF2AC-49D3-4542-BC40-5D62E12C7DED}.Debug|Any CPU.Build.0 = Debug|Any CPU
		{C24EF2AC-49D3-4542-BC40-5D62E12C7DED}.Release|Any CPU.ActiveCfg = Release|Any CPU
		{C24EF2AC-49D3-4542-BC40-5D62E12C7DED}.Release|Any CPU.Build.0 = Release|Any CPU
		{868226D4-BC8B-4B91-BD09-8F63D3C9DEBE}.Debug|Any CPU.ActiveCfg = Debug|Any CPU
		{868226D4-BC8B-4B91-BD09-8F63D3C9DEBE}.Debug|Any CPU.Build.0 = Debug|Any CPU
		{868226D4-BC8B-4B91-BD09-8F63D3C9DEBE}.Release|Any CPU.ActiveCfg = Release|Any CPU
		{868226D4-BC8B-4B91-BD09-8F63D3C9DEBE}.Release|Any CPU.Build.0 = Release|Any CPU
		{31EC737E-E2A9-4FFD-A62B-94C0E4546DBA}.Debug|Any CPU.ActiveCfg = Debug|Any CPU
		{31EC737E-E2A9-4FFD-A62B-94C0E4546DBA}.Debug|Any CPU.Build.0 = Debug|Any CPU
		{31EC737E-E2A9-4FFD-A62B-94C0E4546DBA}.Release|Any CPU.ActiveCfg = Release|Any CPU
		{31EC737E-E2A9-4FFD-A62B-94C0E4546DBA}.Release|Any CPU.Build.0 = Release|Any CPU
		{A73B97DD-F870-48D0-86AE-713457B47E2B}.Debug|Any CPU.ActiveCfg = Debug|Any CPU
		{A73B97DD-F870-48D0-86AE-713457B47E2B}.Debug|Any CPU.Build.0 = Debug|Any CPU
		{A73B97DD-F870-48D0-86AE-713457B47E2B}.Release|Any CPU.ActiveCfg = Release|Any CPU
		{A73B97DD-F870-48D0-86AE-713457B47E2B}.Release|Any CPU.Build.0 = Release|Any CPU
		{ED2C394E-1453-481D-9DCC-F466637CA961}.Debug|Any CPU.ActiveCfg = Debug|Any CPU
		{ED2C394E-1453-481D-9DCC-F466637CA961}.Debug|Any CPU.Build.0 = Debug|Any CPU
		{ED2C394E-1453-481D-9DCC-F466637CA961}.Release|Any CPU.ActiveCfg = Release|Any CPU
		{ED2C394E-1453-481D-9DCC-F466637CA961}.Release|Any CPU.Build.0 = Release|Any CPU
	EndGlobalSection
	GlobalSection(SolutionProperties) = preSolution
		HideSolutionNode = FALSE
	EndGlobalSection
	GlobalSection(NestedProjects) = preSolution
		{AFCA9D1D-26A6-482A-A5AB-0827AD0FD677} = {CC16395C-1F53-44E9-BEAE-566D539D8C46}
		{E82D72A1-90F6-4341-A82D-D6B40349DF63} = {CC16395C-1F53-44E9-BEAE-566D539D8C46}
		{E42AC7B6-8120-40B5-8CD3-C4139B940897} = {CC16395C-1F53-44E9-BEAE-566D539D8C46}
		{6F57AA50-FB70-4DE8-BEAB-E3AE58B225D3} = {CC16395C-1F53-44E9-BEAE-566D539D8C46}
		{C24EF2AC-49D3-4542-BC40-5D62E12C7DED} = {CC16395C-1F53-44E9-BEAE-566D539D8C46}
		{868226D4-BC8B-4B91-BD09-8F63D3C9DEBE} = {CC16395C-1F53-44E9-BEAE-566D539D8C46}
		{31EC737E-E2A9-4FFD-A62B-94C0E4546DBA} = {CC16395C-1F53-44E9-BEAE-566D539D8C46}
		{A73B97DD-F870-48D0-86AE-713457B47E2B} = {CC16395C-1F53-44E9-BEAE-566D539D8C46}
	EndGlobalSection
EndGlobal
